// !$*UTF8*$!
{
	archiveVersion = 1;
	classes = {
	};
	objectVersion = 51;
	objects = {

/* Begin PBXBuildFile section */
		26A61FD3C65260CD241AA36D /* Pods_Pryaniky_com.framework in Frameworks */ = {isa = PBXBuildFile; fileRef = 547D1C000A346B8998BE524F /* Pods_Pryaniky_com.framework */; };
		A263D50C25F406F600D8B70A /* AppDelegate.swift in Sources */ = {isa = PBXBuildFile; fileRef = A263D50B25F406F600D8B70A /* AppDelegate.swift */; };
		A263D50E25F406F600D8B70A /* SceneDelegate.swift in Sources */ = {isa = PBXBuildFile; fileRef = A263D50D25F406F600D8B70A /* SceneDelegate.swift */; };
		A263D51325F406F600D8B70A /* Main.storyboard in Resources */ = {isa = PBXBuildFile; fileRef = A263D51125F406F600D8B70A /* Main.storyboard */; };
		A263D51525F406F700D8B70A /* Assets.xcassets in Resources */ = {isa = PBXBuildFile; fileRef = A263D51425F406F700D8B70A /* Assets.xcassets */; };
		A263D51825F406F700D8B70A /* LaunchScreen.storyboard in Resources */ = {isa = PBXBuildFile; fileRef = A263D51625F406F700D8B70A /* LaunchScreen.storyboard */; };
		A263D52225F407AC00D8B70A /* SampleModel.swift in Sources */ = {isa = PBXBuildFile; fileRef = A263D52125F407AC00D8B70A /* SampleModel.swift */; };
		A263D52825F4871D00D8B70A /* APIService.swift in Sources */ = {isa = PBXBuildFile; fileRef = A263D52725F4871D00D8B70A /* APIService.swift */; };
		A263D53125F490EB00D8B70A /* NetworkManager.swift in Sources */ = {isa = PBXBuildFile; fileRef = A263D53025F490EB00D8B70A /* NetworkManager.swift */; };
		A263D53525F4996C00D8B70A /* SampleViewModel.swift in Sources */ = {isa = PBXBuildFile; fileRef = A263D53425F4996C00D8B70A /* SampleViewModel.swift */; };
		A263D53C25F49FE800D8B70A /* DataResultAdapter.swift in Sources */ = {isa = PBXBuildFile; fileRef = A263D53B25F49FE800D8B70A /* DataResultAdapter.swift */; };
		A263D53F25F4A0B300D8B70A /* SampleTableViewCell.swift in Sources */ = {isa = PBXBuildFile; fileRef = A263D53E25F4A0B300D8B70A /* SampleTableViewCell.swift */; };
		A263D54225F4A8C800D8B70A /* SampleViewController.swift in Sources */ = {isa = PBXBuildFile; fileRef = A263D54125F4A8C800D8B70A /* SampleViewController.swift */; };
		A263D55325F8DF8600D8B70A /* DetailViewController.swift in Sources */ = {isa = PBXBuildFile; fileRef = A263D55225F8DF8600D8B70A /* DetailViewController.swift */; };
/* End PBXBuildFile section */

/* Begin PBXFileReference section */
		038B4898B3AE9625E2E35558 /* Pods-Pryaniky.com.debug.xcconfig */ = {isa = PBXFileReference; includeInIndex = 1; lastKnownFileType = text.xcconfig; name = "Pods-Pryaniky.com.debug.xcconfig"; path = "Target Support Files/Pods-Pryaniky.com/Pods-Pryaniky.com.debug.xcconfig"; sourceTree = "<group>"; };
		49AB2D3355CA8174274A2903 /* Pods-Pryaniky.com.release.xcconfig */ = {isa = PBXFileReference; includeInIndex = 1; lastKnownFileType = text.xcconfig; name = "Pods-Pryaniky.com.release.xcconfig"; path = "Target Support Files/Pods-Pryaniky.com/Pods-Pryaniky.com.release.xcconfig"; sourceTree = "<group>"; };
		547D1C000A346B8998BE524F /* Pods_Pryaniky_com.framework */ = {isa = PBXFileReference; explicitFileType = wrapper.framework; includeInIndex = 0; path = Pods_Pryaniky_com.framework; sourceTree = BUILT_PRODUCTS_DIR; };
		A263D50825F406F600D8B70A /* Pryaniky.com.app */ = {isa = PBXFileReference; explicitFileType = wrapper.application; includeInIndex = 0; path = Pryaniky.com.app; sourceTree = BUILT_PRODUCTS_DIR; };
		A263D50B25F406F600D8B70A /* AppDelegate.swift */ = {isa = PBXFileReference; lastKnownFileType = sourcecode.swift; path = AppDelegate.swift; sourceTree = "<group>"; };
		A263D50D25F406F600D8B70A /* SceneDelegate.swift */ = {isa = PBXFileReference; lastKnownFileType = sourcecode.swift; path = SceneDelegate.swift; sourceTree = "<group>"; };
		A263D51225F406F600D8B70A /* Base */ = {isa = PBXFileReference; lastKnownFileType = file.storyboard; name = Base; path = Base.lproj/Main.storyboard; sourceTree = "<group>"; };
		A263D51425F406F700D8B70A /* Assets.xcassets */ = {isa = PBXFileReference; lastKnownFileType = folder.assetcatalog; path = Assets.xcassets; sourceTree = "<group>"; };
		A263D51725F406F700D8B70A /* Base */ = {isa = PBXFileReference; lastKnownFileType = file.storyboard; name = Base; path = Base.lproj/LaunchScreen.storyboard; sourceTree = "<group>"; };
		A263D51925F406F700D8B70A /* Info.plist */ = {isa = PBXFileReference; lastKnownFileType = text.plist.xml; path = Info.plist; sourceTree = "<group>"; };
		A263D52125F407AC00D8B70A /* SampleModel.swift */ = {isa = PBXFileReference; lastKnownFileType = sourcecode.swift; path = SampleModel.swift; sourceTree = "<group>"; };
		A263D52725F4871D00D8B70A /* APIService.swift */ = {isa = PBXFileReference; lastKnownFileType = sourcecode.swift; path = APIService.swift; sourceTree = "<group>"; };
		A263D53025F490EB00D8B70A /* NetworkManager.swift */ = {isa = PBXFileReference; lastKnownFileType = sourcecode.swift; path = NetworkManager.swift; sourceTree = "<group>"; };
		A263D53425F4996C00D8B70A /* SampleViewModel.swift */ = {isa = PBXFileReference; lastKnownFileType = sourcecode.swift; path = SampleViewModel.swift; sourceTree = "<group>"; };
		A263D53B25F49FE800D8B70A /* DataResultAdapter.swift */ = {isa = PBXFileReference; lastKnownFileType = sourcecode.swift; path = DataResultAdapter.swift; sourceTree = "<group>"; };
		A263D53E25F4A0B300D8B70A /* SampleTableViewCell.swift */ = {isa = PBXFileReference; lastKnownFileType = sourcecode.swift; path = SampleTableViewCell.swift; sourceTree = "<group>"; };
		A263D54125F4A8C800D8B70A /* SampleViewController.swift */ = {isa = PBXFileReference; lastKnownFileType = sourcecode.swift; path = SampleViewController.swift; sourceTree = "<group>"; };
		A263D55225F8DF8600D8B70A /* DetailViewController.swift */ = {isa = PBXFileReference; lastKnownFileType = sourcecode.swift; path = DetailViewController.swift; sourceTree = "<group>"; };
/* End PBXFileReference section */

/* Begin PBXFrameworksBuildPhase section */
		A263D50525F406F600D8B70A /* Frameworks */ = {
			isa = PBXFrameworksBuildPhase;
			buildActionMask = 2147483647;
			files = (
				26A61FD3C65260CD241AA36D /* Pods_Pryaniky_com.framework in Frameworks */,
			);
			runOnlyForDeploymentPostprocessing = 0;
		};
/* End PBXFrameworksBuildPhase section */

/* Begin PBXGroup section */
		1688D8FF9B04B77171224E76 /* Frameworks */ = {
			isa = PBXGroup;
			children = (
				547D1C000A346B8998BE524F /* Pods_Pryaniky_com.framework */,
			);
			name = Frameworks;
			sourceTree = "<group>";
		};
		8E9B776DCA8B9CD09A62AA25 /* Pods */ = {
			isa = PBXGroup;
			children = (
				038B4898B3AE9625E2E35558 /* Pods-Pryaniky.com.debug.xcconfig */,
				49AB2D3355CA8174274A2903 /* Pods-Pryaniky.com.release.xcconfig */,
			);
			path = Pods;
			sourceTree = "<group>";
		};
		A263D4FF25F406F600D8B70A = {
			isa = PBXGroup;
			children = (
				A263D50A25F406F600D8B70A /* Pryaniky.com */,
				A263D50925F406F600D8B70A /* Products */,
				8E9B776DCA8B9CD09A62AA25 /* Pods */,
				1688D8FF9B04B77171224E76 /* Frameworks */,
			);
			sourceTree = "<group>";
		};
		A263D50925F406F600D8B70A /* Products */ = {
			isa = PBXGroup;
			children = (
				A263D50825F406F600D8B70A /* Pryaniky.com.app */,
			);
			name = Products;
			sourceTree = "<group>";
		};
		A263D50A25F406F600D8B70A /* Pryaniky.com */ = {
			isa = PBXGroup;
			children = (
				A263D52625F4863E00D8B70A /* Network */,
				A263D53325F4992800D8B70A /* ViewModels */,
				A263D53825F49C0500D8B70A /* Controllers */,
				A263D52025F4075700D8B70A /* Model */,
				A263D53925F49CBF00D8B70A /* View */,
				A263D50B25F406F600D8B70A /* AppDelegate.swift */,
				A263D50D25F406F600D8B70A /* SceneDelegate.swift */,
				A263D51425F406F700D8B70A /* Assets.xcassets */,
				A263D51925F406F700D8B70A /* Info.plist */,
			);
			path = Pryaniky.com;
			sourceTree = "<group>";
		};
		A263D52025F4075700D8B70A /* Model */ = {
			isa = PBXGroup;
			children = (
				A263D52125F407AC00D8B70A /* SampleModel.swift */,
			);
			path = Model;
			sourceTree = "<group>";
		};
		A263D52625F4863E00D8B70A /* Network */ = {
			isa = PBXGroup;
			children = (
				A263D52725F4871D00D8B70A /* APIService.swift */,
				A263D53025F490EB00D8B70A /* NetworkManager.swift */,
			);
			path = Network;
			sourceTree = "<group>";
		};
		A263D53325F4992800D8B70A /* ViewModels */ = {
			isa = PBXGroup;
			children = (
				A263D53425F4996C00D8B70A /* SampleViewModel.swift */,
				A263D53B25F49FE800D8B70A /* DataResultAdapter.swift */,
			);
			path = ViewModels;
			sourceTree = "<group>";
		};
		A263D53825F49C0500D8B70A /* Controllers */ = {
			isa = PBXGroup;
			children = (
				A263D54125F4A8C800D8B70A /* SampleViewController.swift */,
				A263D55225F8DF8600D8B70A /* DetailViewController.swift */,
			);
			path = Controllers;
			sourceTree = "<group>";
		};
		A263D53925F49CBF00D8B70A /* View */ = {
			isa = PBXGroup;
			children = (
				A263D51125F406F600D8B70A /* Main.storyboard */,
				A263D51625F406F700D8B70A /* LaunchScreen.storyboard */,
				A263D53E25F4A0B300D8B70A /* SampleTableViewCell.swift */,
			);
			path = View;
			sourceTree = "<group>";
		};
/* End PBXGroup section */

/* Begin PBXNativeTarget section */
		A263D50725F406F600D8B70A /* Pryaniky.com */ = {
			isa = PBXNativeTarget;
			buildConfigurationList = A263D51C25F406F700D8B70A /* Build configuration list for PBXNativeTarget "Pryaniky.com" */;
			buildPhases = (
				E8A9F0A589B76E0D0D492F59 /* [CP] Check Pods Manifest.lock */,
				A263D50425F406F600D8B70A /* Sources */,
				A263D50525F406F600D8B70A /* Frameworks */,
				A263D50625F406F600D8B70A /* Resources */,
				7D505889543382A66AD034D2 /* [CP] Embed Pods Frameworks */,
			);
			buildRules = (
			);
			dependencies = (
			);
			name = Pryaniky.com;
			productName = Pryaniky.com;
			productReference = A263D50825F406F600D8B70A /* Pryaniky.com.app */;
			productType = "com.apple.product-type.application";
		};
/* End PBXNativeTarget section */

/* Begin PBXProject section */
		A263D50025F406F600D8B70A /* Project object */ = {
			isa = PBXProject;
			attributes = {
				LastSwiftUpdateCheck = 1220;
				LastUpgradeCheck = 1220;
				TargetAttributes = {
					A263D50725F406F600D8B70A = {
						CreatedOnToolsVersion = 12.2;
					};
				};
			};
			buildConfigurationList = A263D50325F406F600D8B70A /* Build configuration list for PBXProject "Pryaniky.com" */;
			compatibilityVersion = "Xcode 9.3";
			developmentRegion = en;
			hasScannedForEncodings = 0;
			knownRegions = (
				en,
				Base,
			);
			mainGroup = A263D4FF25F406F600D8B70A;
			productRefGroup = A263D50925F406F600D8B70A /* Products */;
			projectDirPath = "";
			projectRoot = "";
			targets = (
				A263D50725F406F600D8B70A /* Pryaniky.com */,
			);
		};
/* End PBXProject section */

/* Begin PBXResourcesBuildPhase section */
		A263D50625F406F600D8B70A /* Resources */ = {
			isa = PBXResourcesBuildPhase;
			buildActionMask = 2147483647;
			files = (
				A263D51825F406F700D8B70A /* LaunchScreen.storyboard in Resources */,
				A263D51525F406F700D8B70A /* Assets.xcassets in Resources */,
				A263D51325F406F600D8B70A /* Main.storyboard in Resources */,
			);
			runOnlyForDeploymentPostprocessing = 0;
		};
/* End PBXResourcesBuildPhase section */

/* Begin PBXShellScriptBuildPhase section */
		7D505889543382A66AD034D2 /* [CP] Embed Pods Frameworks */ = {
			isa = PBXShellScriptBuildPhase;
			buildActionMask = 2147483647;
			files = (
			);
			inputFileListPaths = (
				"${PODS_ROOT}/Target Support Files/Pods-Pryaniky.com/Pods-Pryaniky.com-frameworks-${CONFIGURATION}-input-files.xcfilelist",
			);
			name = "[CP] Embed Pods Frameworks";
			outputFileListPaths = (
				"${PODS_ROOT}/Target Support Files/Pods-Pryaniky.com/Pods-Pryaniky.com-frameworks-${CONFIGURATION}-output-files.xcfilelist",
			);
			runOnlyForDeploymentPostprocessing = 0;
			shellPath = /bin/sh;
			shellScript = "\"${PODS_ROOT}/Target Support Files/Pods-Pryaniky.com/Pods-Pryaniky.com-frameworks.sh\"\n";
			showEnvVarsInLog = 0;
		};
		E8A9F0A589B76E0D0D492F59 /* [CP] Check Pods Manifest.lock */ = {
			isa = PBXShellScriptBuildPhase;
			buildActionMask = 2147483647;
			files = (
			);
			inputFileListPaths = (
			);
			inputPaths = (
				"${PODS_PODFILE_DIR_PATH}/Podfile.lock",
				"${PODS_ROOT}/Manifest.lock",
			);
			name = "[CP] Check Pods Manifest.lock";
			outputFileListPaths = (
			);
			outputPaths = (
				"$(DERIVED_FILE_DIR)/Pods-Pryaniky.com-checkManifestLockResult.txt",
			);
			runOnlyForDeploymentPostprocessing = 0;
			shellPath = /bin/sh;
			shellScript = "diff \"${PODS_PODFILE_DIR_PATH}/Podfile.lock\" \"${PODS_ROOT}/Manifest.lock\" > /dev/null\nif [ $? != 0 ] ; then\n    # print error to STDERR\n    echo \"error: The sandbox is not in sync with the Podfile.lock. Run 'pod install' or update your CocoaPods installation.\" >&2\n    exit 1\nfi\n# This output is used by Xcode 'outputs' to avoid re-running this script phase.\necho \"SUCCESS\" > \"${SCRIPT_OUTPUT_FILE_0}\"\n";
			showEnvVarsInLog = 0;
		};
/* End PBXShellScriptBuildPhase section */

/* Begin PBXSourcesBuildPhase section */
		A263D50425F406F600D8B70A /* Sources */ = {
			isa = PBXSourcesBuildPhase;
			buildActionMask = 2147483647;
			files = (
				A263D54225F4A8C800D8B70A /* SampleViewController.swift in Sources */,
				A263D53125F490EB00D8B70A /* NetworkManager.swift in Sources */,
				A263D53F25F4A0B300D8B70A /* SampleTableViewCell.swift in Sources */,
				A263D53C25F49FE800D8B70A /* DataResultAdapter.swift in Sources */,
				A263D52825F4871D00D8B70A /* APIService.swift in Sources */,
				A263D53525F4996C00D8B70A /* SampleViewModel.swift in Sources */,
				A263D50C25F406F600D8B70A /* AppDelegate.swift in Sources */,
				A263D55325F8DF8600D8B70A /* DetailViewController.swift in Sources */,
				A263D50E25F406F600D8B70A /* SceneDelegate.swift in Sources */,
				A263D52225F407AC00D8B70A /* SampleModel.swift in Sources */,
			);
			runOnlyForDeploymentPostprocessing = 0;
		};
/* End PBXSourcesBuildPhase section */

/* Begin PBXVariantGroup section */
		A263D51125F406F600D8B70A /* Main.storyboard */ = {
			isa = PBXVariantGroup;
			children = (
				A263D51225F406F600D8B70A /* Base */,
			);
			name = Main.storyboard;
			sourceTree = "<group>";
		};
		A263D51625F406F700D8B70A /* LaunchScreen.storyboard */ = {
			isa = PBXVariantGroup;
			children = (
				A263D51725F406F700D8B70A /* Base */,
			);
			name = LaunchScreen.storyboard;
			sourceTree = "<group>";
		};
/* End PBXVariantGroup section */

/* Begin XCBuildConfiguration section */
		A263D51A25F406F700D8B70A /* Debug */ = {
			isa = XCBuildConfiguration;
			buildSettings = {
				ALWAYS_SEARCH_USER_PATHS = NO;
				CLANG_ANALYZER_NONNULL = YES;
				CLANG_ANALYZER_NUMBER_OBJECT_CONVERSION = YES_AGGRESSIVE;
				CLANG_CXX_LANGUAGE_STANDARD = "gnu++14";
				CLANG_CXX_LIBRARY = "libc++";
				CLANG_ENABLE_MODULES = YES;
				CLANG_ENABLE_OBJC_ARC = YES;
				CLANG_ENABLE_OBJC_WEAK = YES;
				CLANG_WARN_BLOCK_CAPTURE_AUTORELEASING = YES;
				CLANG_WARN_BOOL_CONVERSION = YES;
				CLANG_WARN_COMMA = YES;
				CLANG_WARN_CONSTANT_CONVERSION = YES;
				CLANG_WARN_DEPRECATED_OBJC_IMPLEMENTATIONS = YES;
				CLANG_WARN_DIRECT_OBJC_ISA_USAGE = YES_ERROR;
				CLANG_WARN_DOCUMENTATION_COMMENTS = YES;
				CLANG_WARN_EMPTY_BODY = YES;
				CLANG_WARN_ENUM_CONVERSION = YES;
				CLANG_WARN_INFINITE_RECURSION = YES;
				CLANG_WARN_INT_CONVERSION = YES;
				CLANG_WARN_NON_LITERAL_NULL_CONVERSION = YES;
				CLANG_WARN_OBJC_IMPLICIT_RETAIN_SELF = YES;
				CLANG_WARN_OBJC_LITERAL_CONVERSION = YES;
				CLANG_WARN_OBJC_ROOT_CLASS = YES_ERROR;
				CLANG_WARN_QUOTED_INCLUDE_IN_FRAMEWORK_HEADER = YES;
				CLANG_WARN_RANGE_LOOP_ANALYSIS = YES;
				CLANG_WARN_STRICT_PROTOTYPES = YES;
				CLANG_WARN_SUSPICIOUS_MOVE = YES;
				CLANG_WARN_UNGUARDED_AVAILABILITY = YES_AGGRESSIVE;
				CLANG_WARN_UNREACHABLE_CODE = YES;
				CLANG_WARN__DUPLICATE_METHOD_MATCH = YES;
				COPY_PHASE_STRIP = NO;
				DEBUG_INFORMATION_FORMAT = dwarf;
				ENABLE_STRICT_OBJC_MSGSEND = YES;
				ENABLE_TESTABILITY = YES;
				GCC_C_LANGUAGE_STANDARD = gnu11;
				GCC_DYNAMIC_NO_PIC = NO;
				GCC_NO_COMMON_BLOCKS = YES;
				GCC_OPTIMIZATION_LEVEL = 0;
				GCC_PREPROCESSOR_DEFINITIONS = (
					"DEBUG=1",
					"$(inherited)",
				);
				GCC_WARN_64_TO_32_BIT_CONVERSION = YES;
				GCC_WARN_ABOUT_RETURN_TYPE = YES_ERROR;
				GCC_WARN_UNDECLARED_SELECTOR = YES;
				GCC_WARN_UNINITIALIZED_AUTOS = YES_AGGRESSIVE;
				GCC_WARN_UNUSED_FUNCTION = YES;
				GCC_WARN_UNUSED_VARIABLE = YES;
				IPHONEOS_DEPLOYMENT_TARGET = 14.2;
				MTL_ENABLE_DEBUG_INFO = INCLUDE_SOURCE;
				MTL_FAST_MATH = YES;
				ONLY_ACTIVE_ARCH = YES;
				SDKROOT = iphoneos;
				SWIFT_ACTIVE_COMPILATION_CONDITIONS = DEBUG;
				SWIFT_OPTIMIZATION_LEVEL = "-Onone";
			};
			name = Debug;
		};
		A263D51B25F406F700D8B70A /* Release */ = {
			isa = XCBuildConfiguration;
			buildSettings = {
				ALWAYS_SEARCH_USER_PATHS = NO;
				CLANG_ANALYZER_NONNULL = YES;
				CLANG_ANALYZER_NUMBER_OBJECT_CONVERSION = YES_AGGRESSIVE;
				CLANG_CXX_LANGUAGE_STANDARD = "gnu++14";
				CLANG_CXX_LIBRARY = "libc++";
				CLANG_ENABLE_MODULES = YES;
				CLANG_ENABLE_OBJC_ARC = YES;
				CLANG_ENABLE_OBJC_WEAK = YES;
				CLANG_WARN_BLOCK_CAPTURE_AUTORELEASING = YES;
				CLANG_WARN_BOOL_CONVERSION = YES;
				CLANG_WARN_COMMA = YES;
				CLANG_WARN_CONSTANT_CONVERSION = YES;
				CLANG_WARN_DEPRECATED_OBJC_IMPLEMENTATIONS = YES;
				CLANG_WARN_DIRECT_OBJC_ISA_USAGE = YES_ERROR;
				CLANG_WARN_DOCUMENTATION_COMMENTS = YES;
				CLANG_WARN_EMPTY_BODY = YES;
				CLANG_WARN_ENUM_CONVERSION = YES;
				CLANG_WARN_INFINITE_RECURSION = YES;
				CLANG_WARN_INT_CONVERSION = YES;
				CLANG_WARN_NON_LITERAL_NULL_CONVERSION = YES;
				CLANG_WARN_OBJC_IMPLICIT_RETAIN_SELF = YES;
				CLANG_WARN_OBJC_LITERAL_CONVERSION = YES;
				CLANG_WARN_OBJC_ROOT_CLASS = YES_ERROR;
				CLANG_WARN_QUOTED_INCLUDE_IN_FRAMEWORK_HEADER = YES;
				CLANG_WARN_RANGE_LOOP_ANALYSIS = YES;
				CLANG_WARN_STRICT_PROTOTYPES = YES;
				CLANG_WARN_SUSPICIOUS_MOVE = YES;
				CLANG_WARN_UNGUARDED_AVAILABILITY = YES_AGGRESSIVE;
				CLANG_WARN_UNREACHABLE_CODE = YES;
				CLANG_WARN__DUPLICATE_METHOD_MATCH = YES;
				COPY_PHASE_STRIP = NO;
				DEBUG_INFORMATION_FORMAT = "dwarf-with-dsym";
				ENABLE_NS_ASSERTIONS = NO;
				ENABLE_STRICT_OBJC_MSGSEND = YES;
				GCC_C_LANGUAGE_STANDARD = gnu11;
				GCC_NO_COMMON_BLOCKS = YES;
				GCC_WARN_64_TO_32_BIT_CONVERSION = YES;
				GCC_WARN_ABOUT_RETURN_TYPE = YES_ERROR;
				GCC_WARN_UNDECLARED_SELECTOR = YES;
				GCC_WARN_UNINITIALIZED_AUTOS = YES_AGGRESSIVE;
				GCC_WARN_UNUSED_FUNCTION = YES;
				GCC_WARN_UNUSED_VARIABLE = YES;
				IPHONEOS_DEPLOYMENT_TARGET = 14.2;
				MTL_ENABLE_DEBUG_INFO = NO;
				MTL_FAST_MATH = YES;
				SDKROOT = iphoneos;
				SWIFT_COMPILATION_MODE = wholemodule;
				SWIFT_OPTIMIZATION_LEVEL = "-O";
				VALIDATE_PRODUCT = YES;
			};
			name = Release;
		};
		A263D51D25F406F700D8B70A /* Debug */ = {
			isa = XCBuildConfiguration;
			baseConfigurationReference = 038B4898B3AE9625E2E35558 /* Pods-Pryaniky.com.debug.xcconfig */;
			buildSettings = {
				ASSETCATALOG_COMPILER_APPICON_NAME = AppIcon;
				ASSETCATALOG_COMPILER_GLOBAL_ACCENT_COLOR_NAME = AccentColor;
				CODE_SIGN_STYLE = Automatic;
				DEVELOPMENT_TEAM = K9N4J46PH5;
				INFOPLIST_FILE = Pryaniky.com/Info.plist;
				LD_RUNPATH_SEARCH_PATHS = (
					"$(inherited)",
					"@executable_path/Frameworks",
				);
				PRODUCT_BUNDLE_IDENTIFIER = "com.myappcompany.Pryaniky-com";
				PRODUCT_NAME = "$(TARGET_NAME)";
				SWIFT_VERSION = 5.0;
				TARGETED_DEVICE_FAMILY = "1,2";
			};
			name = Debug;
		};
		A263D51E25F406F700D8B70A /* Release */ = {
			isa = XCBuildConfiguration;
			baseConfigurationReference = 49AB2D3355CA8174274A2903 /* Pods-Pryaniky.com.release.xcconfig */;
			buildSettings = {
				ASSETCATALOG_COMPILER_APPICON_NAME = AppIcon;
				ASSETCATALOG_COMPILER_GLOBAL_ACCENT_COLOR_NAME = AccentColor;
				CODE_SIGN_STYLE = Automatic;
				DEVELOPMENT_TEAM = K9N4J46PH5;
				INFOPLIST_FILE = Pryaniky.com/Info.plist;
				LD_RUNPATH_SEARCH_PATHS = (
					"$(inherited)",
					"@executable_path/Frameworks",
				);
				PRODUCT_BUNDLE_IDENTIFIER = "com.myappcompany.Pryaniky-com";
				PRODUCT_NAME = "$(TARGET_NAME)";
				SWIFT_VERSION = 5.0;
				TARGETED_DEVICE_FAMILY = "1,2";
			};
			name = Release;
		};
/* End XCBuildConfiguration section */

/* Begin XCConfigurationList section */
		A263D50325F406F600D8B70A /* Build configuration list for PBXProject "Pryaniky.com" */ = {
			isa = XCConfigurationList;
			buildConfigurations = (
				A263D51A25F406F700D8B70A /* Debug */,
				A263D51B25F406F700D8B70A /* Release */,
			);
			defaultConfigurationIsVisible = 0;
			defaultConfigurationName = Release;
		};
		A263D51C25F406F700D8B70A /* Build configuration list for PBXNativeTarget "Pryaniky.com" */ = {
			isa = XCConfigurationList;
			buildConfigurations = (
				A263D51D25F406F700D8B70A /* Debug */,
				A263D51E25F406F700D8B70A /* Release */,
			);
			defaultConfigurationIsVisible = 0;
			defaultConfigurationName = Release;
		};
/* End XCConfigurationList section */
	};
	rootObject = A263D50025F406F600D8B70A /* Project object */;
}
